
Microsoft Visual Studio Solution File, Format Version 12.00
# Visual Studio 15
VisualStudioVersion = 15.0.27703.2035
MinimumVisualStudioVersion = 10.0.40219.1
Project("{FAE04EC0-301F-11D3-BF4B-00C04F79EFBC}") = "WineGlass", "WineGlass\WineGlass.csproj", "{C2800779-D87F-4601-A379-F6D3E0543FAB}"
EndProject
Global
	GlobalSection(SolutionConfigurationPlatforms) = preSolution
		Debug|Any CPU = Debug|Any CPU
		Release|Any CPU = Release|Any CPU
	EndGlobalSection
	GlobalSection(ProjectConfigurationPlatforms) = postSolution
		{C2800779-D87F-4601-A379-F6D3E0543FAB}.Debug|Any CPU.ActiveCfg = Debug|Any CPU
		{C2800779-D87F-4601-A379-F6D3E0543FAB}.Debug|Any CPU.Build.0 = Debug|Any CPU
		{C2800779-D87F-4601-A379-F6D3E0543FAB}.Release|Any CPU.ActiveCfg = Release|Any CPU
		{C2800779-D87F-4601-A379-F6D3E0543FAB}.Release|Any CPU.Build.0 = Release|Any CPU
	EndGlobalSection
	GlobalSection(SolutionProperties) = preSolution
		HideSolutionNode = FALSE
	EndGlobalSection
	GlobalSection(ExtensibilityGlobals) = postSolution
		SolutionGuid = {AAE7BF90-5E2D-46FD-ACE3-4142E521CDB7}
	EndGlobalSection
EndGlobal
